
Microsoft Visual Studio Solution File, Format Version 12.00
# Visual Studio Version 17
VisualStudioVersion = 17.10.35013.160
MinimumVisualStudioVersion = 10.0.40219.1
Project("{FAE04EC0-301F-11D3-BF4B-00C04F79EFBC}") = "WithAngularApp.Server", "WithAngularApp.Server\WithAngularApp.Server.csproj", "{4A94308C-9BED-469D-A915-ECA30159AF32}"
EndProject
Project("{54A90642-561A-4BB1-A94E-469ADEE60C69}") = "withangularapp.client", "withangularapp.client\withangularapp.client.esproj", "{2983766E-95ED-4DAC-A631-C301FADDFCA3}"
EndProject
Global
	GlobalSection(SolutionConfigurationPlatforms) = preSolution
		Debug|Any CPU = Debug|Any CPU
		Release|Any CPU = Release|Any CPU
	EndGlobalSection
	GlobalSection(ProjectConfigurationPlatforms) = postSolution
		{4A94308C-9BED-469D-A915-ECA30159AF32}.Debug|Any CPU.ActiveCfg = Debug|Any CPU
		{4A94308C-9BED-469D-A915-ECA30159AF32}.Debug|Any CPU.Build.0 = Debug|Any CPU
		{4A94308C-9BED-469D-A915-ECA30159AF32}.Release|Any CPU.ActiveCfg = Release|Any CPU
		{4A94308C-9BED-469D-A915-ECA30159AF32}.Release|Any CPU.Build.0 = Release|Any CPU
		{2983766E-95ED-4DAC-A631-C301FADDFCA3}.Debug|Any CPU.ActiveCfg = Debug|Any CPU
		{2983766E-95ED-4DAC-A631-C301FADDFCA3}.Debug|Any CPU.Build.0 = Debug|Any CPU
		{2983766E-95ED-4DAC-A631-C301FADDFCA3}.Debug|Any CPU.Deploy.0 = Debug|Any CPU
		{2983766E-95ED-4DAC-A631-C301FADDFCA3}.Release|Any CPU.ActiveCfg = Release|Any CPU
		{2983766E-95ED-4DAC-A631-C301FADDFCA3}.Release|Any CPU.Build.0 = Release|Any CPU
		{2983766E-95ED-4DAC-A631-C301FADDFCA3}.Release|Any CPU.Deploy.0 = Release|Any CPU
	EndGlobalSection
	GlobalSection(SolutionProperties) = preSolution
		HideSolutionNode = FALSE
	EndGlobalSection
	GlobalSection(ExtensibilityGlobals) = postSolution
		SolutionGuid = {3D55600F-3E53-40E4-960B-4E062CB630CB}
	EndGlobalSection
EndGlobal
